// !$*UTF8*$!
{
	archiveVersion = 1;
	classes = {
	};
	objectVersion = 56;
	objects = {

/* Begin PBXBuildFile section */
		1ABD68CABA42E84C8D540C8F /* Pods_CoreTests.framework in Frameworks */ = {isa = PBXBuildFile; fileRef = 84581C7715819C9702AA9E2C /* Pods_CoreTests.framework */; };
		7BF23627E0D1018BAFD1EF16 /* Pods_Core.framework in Frameworks */ = {isa = PBXBuildFile; fileRef = 8D91971C26FA5CD373FFB1AC /* Pods_Core.framework */; };
		CE79200D2C09CCFF00E1AD66 /* NewsListViewController.swift in Sources */ = {isa = PBXBuildFile; fileRef = CE79200B2C09CCFF00E1AD66 /* NewsListViewController.swift */; };
		CE79200E2C09CCFF00E1AD66 /* NewsDetailViewController.swift in Sources */ = {isa = PBXBuildFile; fileRef = CE79200C2C09CCFF00E1AD66 /* NewsDetailViewController.swift */; };
		CE7920112C09CD1200E1AD66 /* String+Date.swift in Sources */ = {isa = PBXBuildFile; fileRef = CE79200F2C09CD1200E1AD66 /* String+Date.swift */; };
		CE7920122C09CD1200E1AD66 /* MoyaProvider+Extension.swift in Sources */ = {isa = PBXBuildFile; fileRef = CE7920102C09CD1200E1AD66 /* MoyaProvider+Extension.swift */; };
		CE7920162C09CE4200E1AD66 /* NewsDetailViewModel.swift in Sources */ = {isa = PBXBuildFile; fileRef = CE7920142C09CE4200E1AD66 /* NewsDetailViewModel.swift */; };
		CE7920172C09CE4200E1AD66 /* NewsListViewModel.swift in Sources */ = {isa = PBXBuildFile; fileRef = CE7920152C09CE4200E1AD66 /* NewsListViewModel.swift */; };
		CE79201A2C09CE6800E1AD66 /* NewsTableViewCell.swift in Sources */ = {isa = PBXBuildFile; fileRef = CE7920192C09CE6800E1AD66 /* NewsTableViewCell.swift */; };
		CED577D22C0B022600CB6427 /* UILabel+Style.swift in Sources */ = {isa = PBXBuildFile; fileRef = CED577D12C0B022600CB6427 /* UILabel+Style.swift */; };
		CED577D42C0B049D00CB6427 /* CollectionItem+Safe.swift in Sources */ = {isa = PBXBuildFile; fileRef = CED577D32C0B049D00CB6427 /* CollectionItem+Safe.swift */; };
		CEF1A62F2C08BDD3003F052B /* Core.framework in Frameworks */ = {isa = PBXBuildFile; fileRef = CEF1A6262C08BDD3003F052B /* Core.framework */; };
		CEF1A6342C08BDD3003F052B /* CoreTests.swift in Sources */ = {isa = PBXBuildFile; fileRef = CEF1A6332C08BDD3003F052B /* CoreTests.swift */; };
		CEF1A6352C08BDD3003F052B /* Core.h in Headers */ = {isa = PBXBuildFile; fileRef = CEF1A6292C08BDD3003F052B /* Core.h */; settings = {ATTRIBUTES = (Public, ); }; };
		CEF1A6452C08C14A003F052B /* UIWindow+Extension.swift in Sources */ = {isa = PBXBuildFile; fileRef = CEF1A6442C08C14A003F052B /* UIWindow+Extension.swift */; };
		CEF1A64A2C08CA7D003F052B /* NewsProvider.swift in Sources */ = {isa = PBXBuildFile; fileRef = CEF1A6492C08CA7D003F052B /* NewsProvider.swift */; };
		CEF1A64E2C08CB3E003F052B /* NewsService.swift in Sources */ = {isa = PBXBuildFile; fileRef = CEF1A64D2C08CB3E003F052B /* NewsService.swift */; };
		CEF1A6522C08CBF2003F052B /* NewsResponse.swift in Sources */ = {isa = PBXBuildFile; fileRef = CEF1A6512C08CBF2003F052B /* NewsResponse.swift */; };
/* End PBXBuildFile section */

/* Begin PBXContainerItemProxy section */
		CEF1A6302C08BDD3003F052B /* PBXContainerItemProxy */ = {
			isa = PBXContainerItemProxy;
			containerPortal = CEF1A61D2C08BDD3003F052B /* Project object */;
			proxyType = 1;
			remoteGlobalIDString = CEF1A6252C08BDD3003F052B;
			remoteInfo = Components;
		};
/* End PBXContainerItemProxy section */

/* Begin PBXFileReference section */
		2EC4A06A3B0FE6C9476B4D8A /* Pods-ComponentsTests.release.xcconfig */ = {isa = PBXFileReference; includeInIndex = 1; lastKnownFileType = text.xcconfig; name = "Pods-ComponentsTests.release.xcconfig"; path = "Target Support Files/Pods-ComponentsTests/Pods-ComponentsTests.release.xcconfig"; sourceTree = "<group>"; };
		3E495608433E9F94B0A1BCBA /* Pods-CoreTests.release.xcconfig */ = {isa = PBXFileReference; includeInIndex = 1; lastKnownFileType = text.xcconfig; name = "Pods-CoreTests.release.xcconfig"; path = "Target Support Files/Pods-CoreTests/Pods-CoreTests.release.xcconfig"; sourceTree = "<group>"; };
		574BC3F849D4028F74F1015D /* Pods-Components.release.xcconfig */ = {isa = PBXFileReference; includeInIndex = 1; lastKnownFileType = text.xcconfig; name = "Pods-Components.release.xcconfig"; path = "Target Support Files/Pods-Components/Pods-Components.release.xcconfig"; sourceTree = "<group>"; };
		696D6EE614A0EF8681A92927 /* Pods-CoreTests.debug.xcconfig */ = {isa = PBXFileReference; includeInIndex = 1; lastKnownFileType = text.xcconfig; name = "Pods-CoreTests.debug.xcconfig"; path = "Target Support Files/Pods-CoreTests/Pods-CoreTests.debug.xcconfig"; sourceTree = "<group>"; };
		84581C7715819C9702AA9E2C /* Pods_CoreTests.framework */ = {isa = PBXFileReference; explicitFileType = wrapper.framework; includeInIndex = 0; path = Pods_CoreTests.framework; sourceTree = BUILT_PRODUCTS_DIR; };
		8D91971C26FA5CD373FFB1AC /* Pods_Core.framework */ = {isa = PBXFileReference; explicitFileType = wrapper.framework; includeInIndex = 0; path = Pods_Core.framework; sourceTree = BUILT_PRODUCTS_DIR; };
		C4275243AFA021F35DF8BAFE /* Pods-ComponentsTests.debug.xcconfig */ = {isa = PBXFileReference; includeInIndex = 1; lastKnownFileType = text.xcconfig; name = "Pods-ComponentsTests.debug.xcconfig"; path = "Target Support Files/Pods-ComponentsTests/Pods-ComponentsTests.debug.xcconfig"; sourceTree = "<group>"; };
		CE79200B2C09CCFF00E1AD66 /* NewsListViewController.swift */ = {isa = PBXFileReference; fileEncoding = 4; lastKnownFileType = sourcecode.swift; path = NewsListViewController.swift; sourceTree = "<group>"; };
		CE79200C2C09CCFF00E1AD66 /* NewsDetailViewController.swift */ = {isa = PBXFileReference; fileEncoding = 4; lastKnownFileType = sourcecode.swift; path = NewsDetailViewController.swift; sourceTree = "<group>"; };
		CE79200F2C09CD1200E1AD66 /* String+Date.swift */ = {isa = PBXFileReference; fileEncoding = 4; lastKnownFileType = sourcecode.swift; path = "String+Date.swift"; sourceTree = "<group>"; };
		CE7920102C09CD1200E1AD66 /* MoyaProvider+Extension.swift */ = {isa = PBXFileReference; fileEncoding = 4; lastKnownFileType = sourcecode.swift; path = "MoyaProvider+Extension.swift"; sourceTree = "<group>"; };
		CE7920142C09CE4200E1AD66 /* NewsDetailViewModel.swift */ = {isa = PBXFileReference; fileEncoding = 4; lastKnownFileType = sourcecode.swift; path = NewsDetailViewModel.swift; sourceTree = "<group>"; };
		CE7920152C09CE4200E1AD66 /* NewsListViewModel.swift */ = {isa = PBXFileReference; fileEncoding = 4; lastKnownFileType = sourcecode.swift; path = NewsListViewModel.swift; sourceTree = "<group>"; };
		CE7920192C09CE6800E1AD66 /* NewsTableViewCell.swift */ = {isa = PBXFileReference; fileEncoding = 4; lastKnownFileType = sourcecode.swift; path = NewsTableViewCell.swift; sourceTree = "<group>"; };
		CED577D12C0B022600CB6427 /* UILabel+Style.swift */ = {isa = PBXFileReference; lastKnownFileType = sourcecode.swift; path = "UILabel+Style.swift"; sourceTree = "<group>"; };
		CED577D32C0B049D00CB6427 /* CollectionItem+Safe.swift */ = {isa = PBXFileReference; lastKnownFileType = sourcecode.swift; path = "CollectionItem+Safe.swift"; sourceTree = "<group>"; };
		CEF1A6262C08BDD3003F052B /* Core.framework */ = {isa = PBXFileReference; explicitFileType = wrapper.framework; includeInIndex = 0; path = Core.framework; sourceTree = BUILT_PRODUCTS_DIR; };
		CEF1A6292C08BDD3003F052B /* Core.h */ = {isa = PBXFileReference; lastKnownFileType = sourcecode.c.h; path = Core.h; sourceTree = "<group>"; };
		CEF1A62E2C08BDD3003F052B /* CoreTests.xctest */ = {isa = PBXFileReference; explicitFileType = wrapper.cfbundle; includeInIndex = 0; path = CoreTests.xctest; sourceTree = BUILT_PRODUCTS_DIR; };
		CEF1A6332C08BDD3003F052B /* CoreTests.swift */ = {isa = PBXFileReference; lastKnownFileType = sourcecode.swift; path = CoreTests.swift; sourceTree = "<group>"; };
		CEF1A6442C08C14A003F052B /* UIWindow+Extension.swift */ = {isa = PBXFileReference; lastKnownFileType = sourcecode.swift; path = "UIWindow+Extension.swift"; sourceTree = "<group>"; };
		CEF1A6492C08CA7D003F052B /* NewsProvider.swift */ = {isa = PBXFileReference; lastKnownFileType = sourcecode.swift; path = NewsProvider.swift; sourceTree = "<group>"; };
		CEF1A64D2C08CB3E003F052B /* NewsService.swift */ = {isa = PBXFileReference; lastKnownFileType = sourcecode.swift; path = NewsService.swift; sourceTree = "<group>"; };
		CEF1A6512C08CBF2003F052B /* NewsResponse.swift */ = {isa = PBXFileReference; lastKnownFileType = sourcecode.swift; path = NewsResponse.swift; sourceTree = "<group>"; };
		EB803564DC5C3969AA0DFC06 /* Pods-Core.release.xcconfig */ = {isa = PBXFileReference; includeInIndex = 1; lastKnownFileType = text.xcconfig; name = "Pods-Core.release.xcconfig"; path = "Target Support Files/Pods-Core/Pods-Core.release.xcconfig"; sourceTree = "<group>"; };
		F2FE5B375A1ABBC8609DCE6D /* Pods-Components.debug.xcconfig */ = {isa = PBXFileReference; includeInIndex = 1; lastKnownFileType = text.xcconfig; name = "Pods-Components.debug.xcconfig"; path = "Target Support Files/Pods-Components/Pods-Components.debug.xcconfig"; sourceTree = "<group>"; };
		FEF713AD61AEEB0D4B160A57 /* Pods-Core.debug.xcconfig */ = {isa = PBXFileReference; includeInIndex = 1; lastKnownFileType = text.xcconfig; name = "Pods-Core.debug.xcconfig"; path = "Target Support Files/Pods-Core/Pods-Core.debug.xcconfig"; sourceTree = "<group>"; };
/* End PBXFileReference section */

/* Begin PBXFrameworksBuildPhase section */
		CEF1A6232C08BDD3003F052B /* Frameworks */ = {
			isa = PBXFrameworksBuildPhase;
			buildActionMask = 2147483647;
			files = (
				7BF23627E0D1018BAFD1EF16 /* Pods_Core.framework in Frameworks */,
			);
			runOnlyForDeploymentPostprocessing = 0;
		};
		CEF1A62B2C08BDD3003F052B /* Frameworks */ = {
			isa = PBXFrameworksBuildPhase;
			buildActionMask = 2147483647;
			files = (
				CEF1A62F2C08BDD3003F052B /* Core.framework in Frameworks */,
				1ABD68CABA42E84C8D540C8F /* Pods_CoreTests.framework in Frameworks */,
			);
			runOnlyForDeploymentPostprocessing = 0;
		};
/* End PBXFrameworksBuildPhase section */

/* Begin PBXGroup section */
		0A0D69DF1BF6016B8D4BCF44 /* Frameworks */ = {
			isa = PBXGroup;
			children = (
				8D91971C26FA5CD373FFB1AC /* Pods_Core.framework */,
				84581C7715819C9702AA9E2C /* Pods_CoreTests.framework */,
			);
			name = Frameworks;
			sourceTree = "<group>";
		};
		80FAD562DB73435C7B8128CE /* Pods */ = {
			isa = PBXGroup;
			children = (
				F2FE5B375A1ABBC8609DCE6D /* Pods-Components.debug.xcconfig */,
				574BC3F849D4028F74F1015D /* Pods-Components.release.xcconfig */,
				C4275243AFA021F35DF8BAFE /* Pods-ComponentsTests.debug.xcconfig */,
				2EC4A06A3B0FE6C9476B4D8A /* Pods-ComponentsTests.release.xcconfig */,
				FEF713AD61AEEB0D4B160A57 /* Pods-Core.debug.xcconfig */,
				EB803564DC5C3969AA0DFC06 /* Pods-Core.release.xcconfig */,
				696D6EE614A0EF8681A92927 /* Pods-CoreTests.debug.xcconfig */,
				3E495608433E9F94B0A1BCBA /* Pods-CoreTests.release.xcconfig */,
			);
			name = Pods;
			path = ../../Pods;
			sourceTree = "<group>";
		};
		CE7920132C09CE3800E1AD66 /* ViewModel */ = {
			isa = PBXGroup;
			children = (
				CE7920152C09CE4200E1AD66 /* NewsListViewModel.swift */,
				CE7920142C09CE4200E1AD66 /* NewsDetailViewModel.swift */,
			);
			path = ViewModel;
			sourceTree = "<group>";
		};
		CE7920182C09CE6100E1AD66 /* UIComponents */ = {
			isa = PBXGroup;
			children = (
				CE7920192C09CE6800E1AD66 /* NewsTableViewCell.swift */,
			);
			path = UIComponents;
			sourceTree = "<group>";
		};
		CEF1A61C2C08BDD3003F052B = {
			isa = PBXGroup;
			children = (
				CEF1A6282C08BDD3003F052B /* Core */,
				CEF1A6322C08BDD3003F052B /* CoreTests */,
				CEF1A6272C08BDD3003F052B /* Products */,
				80FAD562DB73435C7B8128CE /* Pods */,
				0A0D69DF1BF6016B8D4BCF44 /* Frameworks */,
			);
			sourceTree = "<group>";
		};
		CEF1A6272C08BDD3003F052B /* Products */ = {
			isa = PBXGroup;
			children = (
				CEF1A6262C08BDD3003F052B /* Core.framework */,
				CEF1A62E2C08BDD3003F052B /* CoreTests.xctest */,
			);
			name = Products;
			sourceTree = "<group>";
		};
		CEF1A6282C08BDD3003F052B /* Core */ = {
			isa = PBXGroup;
			children = (
				CEF1A6292C08BDD3003F052B /* Core.h */,
				CE7920182C09CE6100E1AD66 /* UIComponents */,
				CEF1A6502C08CBC5003F052B /* DataModels */,
				CEF1A6482C08CA44003F052B /* Providers */,
				CEF1A64F2C08CB43003F052B /* Services */,
				CEF1A6432C08C138003F052B /* Extensions */,
				CE7920132C09CE3800E1AD66 /* ViewModel */,
				CEF1A63E2C08BDF2003F052B /* Scenes */,
			);
			path = Core;
			sourceTree = "<group>";
		};
		CEF1A6322C08BDD3003F052B /* CoreTests */ = {
			isa = PBXGroup;
			children = (
				CEF1A6332C08BDD3003F052B /* CoreTests.swift */,
			);
			path = CoreTests;
			sourceTree = "<group>";
		};
		CEF1A63E2C08BDF2003F052B /* Scenes */ = {
			isa = PBXGroup;
			children = (
				CE79200B2C09CCFF00E1AD66 /* NewsListViewController.swift */,
				CE79200C2C09CCFF00E1AD66 /* NewsDetailViewController.swift */,
			);
			path = Scenes;
			sourceTree = "<group>";
		};
		CEF1A6432C08C138003F052B /* Extensions */ = {
			isa = PBXGroup;
			children = (
				CEF1A6442C08C14A003F052B /* UIWindow+Extension.swift */,
				CE7920102C09CD1200E1AD66 /* MoyaProvider+Extension.swift */,
				CE79200F2C09CD1200E1AD66 /* String+Date.swift */,
				CED577D12C0B022600CB6427 /* UILabel+Style.swift */,
				CED577D32C0B049D00CB6427 /* CollectionItem+Safe.swift */,
			);
			path = Extensions;
			sourceTree = "<group>";
		};
		CEF1A6482C08CA44003F052B /* Providers */ = {
			isa = PBXGroup;
			children = (
				CEF1A6492C08CA7D003F052B /* NewsProvider.swift */,
			);
			path = Providers;
			sourceTree = "<group>";
		};
		CEF1A64F2C08CB43003F052B /* Services */ = {
			isa = PBXGroup;
			children = (
				CEF1A64D2C08CB3E003F052B /* NewsService.swift */,
			);
			path = Services;
			sourceTree = "<group>";
		};
		CEF1A6502C08CBC5003F052B /* DataModels */ = {
			isa = PBXGroup;
			children = (
				CEF1A6512C08CBF2003F052B /* NewsResponse.swift */,
			);
			path = DataModels;
			sourceTree = "<group>";
		};
/* End PBXGroup section */

/* Begin PBXHeadersBuildPhase section */
		CEF1A6212C08BDD3003F052B /* Headers */ = {
			isa = PBXHeadersBuildPhase;
			buildActionMask = 2147483647;
			files = (
				CEF1A6352C08BDD3003F052B /* Core.h in Headers */,
			);
			runOnlyForDeploymentPostprocessing = 0;
		};
/* End PBXHeadersBuildPhase section */

/* Begin PBXNativeTarget section */
		CEF1A6252C08BDD3003F052B /* Core */ = {
			isa = PBXNativeTarget;
			buildConfigurationList = CEF1A6382C08BDD3003F052B /* Build configuration list for PBXNativeTarget "Core" */;
			buildPhases = (
				ED20597FCE46750E0EE52655 /* [CP] Check Pods Manifest.lock */,
				CEF1A6212C08BDD3003F052B /* Headers */,
				CEF1A6222C08BDD3003F052B /* Sources */,
				CEF1A6232C08BDD3003F052B /* Frameworks */,
				CEF1A6242C08BDD3003F052B /* Resources */,
			);
			buildRules = (
			);
			dependencies = (
			);
			name = Core;
			productName = Components;
			productReference = CEF1A6262C08BDD3003F052B /* Core.framework */;
			productType = "com.apple.product-type.framework";
		};
		CEF1A62D2C08BDD3003F052B /* CoreTests */ = {
			isa = PBXNativeTarget;
			buildConfigurationList = CEF1A63B2C08BDD3003F052B /* Build configuration list for PBXNativeTarget "CoreTests" */;
			buildPhases = (
				CEBAE6348C92D69324A029D7 /* [CP] Check Pods Manifest.lock */,
				CEF1A62A2C08BDD3003F052B /* Sources */,
				CEF1A62B2C08BDD3003F052B /* Frameworks */,
				CEF1A62C2C08BDD3003F052B /* Resources */,
			);
			buildRules = (
			);
			dependencies = (
				CEF1A6312C08BDD3003F052B /* PBXTargetDependency */,
			);
			name = CoreTests;
			productName = ComponentsTests;
			productReference = CEF1A62E2C08BDD3003F052B /* CoreTests.xctest */;
			productType = "com.apple.product-type.bundle.unit-test";
		};
/* End PBXNativeTarget section */

/* Begin PBXProject section */
		CEF1A61D2C08BDD3003F052B /* Project object */ = {
			isa = PBXProject;
			attributes = {
				BuildIndependentTargetsInParallel = 1;
				LastSwiftUpdateCheck = 1500;
				LastUpgradeCheck = 1500;
				TargetAttributes = {
					CEF1A6252C08BDD3003F052B = {
						CreatedOnToolsVersion = 15.0.1;
						LastSwiftMigration = 1500;
					};
					CEF1A62D2C08BDD3003F052B = {
						CreatedOnToolsVersion = 15.0.1;
					};
				};
			};
			buildConfigurationList = CEF1A6202C08BDD3003F052B /* Build configuration list for PBXProject "Core" */;
			compatibilityVersion = "Xcode 14.0";
			developmentRegion = en;
			hasScannedForEncodings = 0;
			knownRegions = (
				en,
				Base,
			);
			mainGroup = CEF1A61C2C08BDD3003F052B;
			productRefGroup = CEF1A6272C08BDD3003F052B /* Products */;
			projectDirPath = "";
			projectRoot = "";
			targets = (
				CEF1A6252C08BDD3003F052B /* Core */,
				CEF1A62D2C08BDD3003F052B /* CoreTests */,
			);
		};
/* End PBXProject section */

/* Begin PBXResourcesBuildPhase section */
		CEF1A6242C08BDD3003F052B /* Resources */ = {
			isa = PBXResourcesBuildPhase;
			buildActionMask = 2147483647;
			files = (
			);
			runOnlyForDeploymentPostprocessing = 0;
		};
		CEF1A62C2C08BDD3003F052B /* Resources */ = {
			isa = PBXResourcesBuildPhase;
			buildActionMask = 2147483647;
			files = (
			);
			runOnlyForDeploymentPostprocessing = 0;
		};
/* End PBXResourcesBuildPhase section */

/* Begin PBXShellScriptBuildPhase section */
		CEBAE6348C92D69324A029D7 /* [CP] Check Pods Manifest.lock */ = {
			isa = PBXShellScriptBuildPhase;
			buildActionMask = 2147483647;
			files = (
			);
			inputFileListPaths = (
			);
			inputPaths = (
				"${PODS_PODFILE_DIR_PATH}/Podfile.lock",
				"${PODS_ROOT}/Manifest.lock",
			);
			name = "[CP] Check Pods Manifest.lock";
			outputFileListPaths = (
			);
			outputPaths = (
				"$(DERIVED_FILE_DIR)/Pods-CoreTests-checkManifestLockResult.txt",
			);
			runOnlyForDeploymentPostprocessing = 0;
			shellPath = /bin/sh;
			shellScript = "diff \"${PODS_PODFILE_DIR_PATH}/Podfile.lock\" \"${PODS_ROOT}/Manifest.lock\" > /dev/null\nif [ $? != 0 ] ; then\n    # print error to STDERR\n    echo \"error: The sandbox is not in sync with the Podfile.lock. Run 'pod install' or update your CocoaPods installation.\" >&2\n    exit 1\nfi\n# This output is used by Xcode 'outputs' to avoid re-running this script phase.\necho \"SUCCESS\" > \"${SCRIPT_OUTPUT_FILE_0}\"\n";
			showEnvVarsInLog = 0;
		};
		ED20597FCE46750E0EE52655 /* [CP] Check Pods Manifest.lock */ = {
			isa = PBXShellScriptBuildPhase;
			buildActionMask = 2147483647;
			files = (
			);
			inputFileListPaths = (
			);
			inputPaths = (
				"${PODS_PODFILE_DIR_PATH}/Podfile.lock",
				"${PODS_ROOT}/Manifest.lock",
			);
			name = "[CP] Check Pods Manifest.lock";
			outputFileListPaths = (
			);
			outputPaths = (
				"$(DERIVED_FILE_DIR)/Pods-Core-checkManifestLockResult.txt",
			);
			runOnlyForDeploymentPostprocessing = 0;
			shellPath = /bin/sh;
			shellScript = "diff \"${PODS_PODFILE_DIR_PATH}/Podfile.lock\" \"${PODS_ROOT}/Manifest.lock\" > /dev/null\nif [ $? != 0 ] ; then\n    # print error to STDERR\n    echo \"error: The sandbox is not in sync with the Podfile.lock. Run 'pod install' or update your CocoaPods installation.\" >&2\n    exit 1\nfi\n# This output is used by Xcode 'outputs' to avoid re-running this script phase.\necho \"SUCCESS\" > \"${SCRIPT_OUTPUT_FILE_0}\"\n";
			showEnvVarsInLog = 0;
		};
/* End PBXShellScriptBuildPhase section */

/* Begin PBXSourcesBuildPhase section */
		CEF1A6222C08BDD3003F052B /* Sources */ = {
			isa = PBXSourcesBuildPhase;
			buildActionMask = 2147483647;
			files = (
				CEF1A64E2C08CB3E003F052B /* NewsService.swift in Sources */,
				CE79201A2C09CE6800E1AD66 /* NewsTableViewCell.swift in Sources */,
				CEF1A64A2C08CA7D003F052B /* NewsProvider.swift in Sources */,
				CE79200E2C09CCFF00E1AD66 /* NewsDetailViewController.swift in Sources */,
				CED577D42C0B049D00CB6427 /* CollectionItem+Safe.swift in Sources */,
				CE7920162C09CE4200E1AD66 /* NewsDetailViewModel.swift in Sources */,
				CE7920112C09CD1200E1AD66 /* String+Date.swift in Sources */,
				CE79200D2C09CCFF00E1AD66 /* NewsListViewController.swift in Sources */,
				CEF1A6452C08C14A003F052B /* UIWindow+Extension.swift in Sources */,
				CED577D22C0B022600CB6427 /* UILabel+Style.swift in Sources */,
				CE7920172C09CE4200E1AD66 /* NewsListViewModel.swift in Sources */,
				CE7920122C09CD1200E1AD66 /* MoyaProvider+Extension.swift in Sources */,
				CEF1A6522C08CBF2003F052B /* NewsResponse.swift in Sources */,
			);
			runOnlyForDeploymentPostprocessing = 0;
		};
		CEF1A62A2C08BDD3003F052B /* Sources */ = {
			isa = PBXSourcesBuildPhase;
			buildActionMask = 2147483647;
			files = (
				CEF1A6342C08BDD3003F052B /* CoreTests.swift in Sources */,
			);
			runOnlyForDeploymentPostprocessing = 0;
		};
/* End PBXSourcesBuildPhase section */

/* Begin PBXTargetDependency section */
		CEF1A6312C08BDD3003F052B /* PBXTargetDependency */ = {
			isa = PBXTargetDependency;
			target = CEF1A6252C08BDD3003F052B /* Core */;
			targetProxy = CEF1A6302C08BDD3003F052B /* PBXContainerItemProxy */;
		};
/* End PBXTargetDependency section */

/* Begin XCBuildConfiguration section */
		CEF1A6362C08BDD3003F052B /* Debug */ = {
			isa = XCBuildConfiguration;
			buildSettings = {
				ALWAYS_SEARCH_USER_PATHS = NO;
				ASSETCATALOG_COMPILER_GENERATE_SWIFT_ASSET_SYMBOL_EXTENSIONS = YES;
				CLANG_ANALYZER_NONNULL = YES;
				CLANG_ANALYZER_NUMBER_OBJECT_CONVERSION = YES_AGGRESSIVE;
				CLANG_CXX_LANGUAGE_STANDARD = "gnu++20";
				CLANG_ENABLE_MODULES = YES;
				CLANG_ENABLE_OBJC_ARC = YES;
				CLANG_ENABLE_OBJC_WEAK = YES;
				CLANG_WARN_BLOCK_CAPTURE_AUTORELEASING = YES;
				CLANG_WARN_BOOL_CONVERSION = YES;
				CLANG_WARN_COMMA = YES;
				CLANG_WARN_CONSTANT_CONVERSION = YES;
				CLANG_WARN_DEPRECATED_OBJC_IMPLEMENTATIONS = YES;
				CLANG_WARN_DIRECT_OBJC_ISA_USAGE = YES_ERROR;
				CLANG_WARN_DOCUMENTATION_COMMENTS = YES;
				CLANG_WARN_EMPTY_BODY = YES;
				CLANG_WARN_ENUM_CONVERSION = YES;
				CLANG_WARN_INFINITE_RECURSION = YES;
				CLANG_WARN_INT_CONVERSION = YES;
				CLANG_WARN_NON_LITERAL_NULL_CONVERSION = YES;
				CLANG_WARN_OBJC_IMPLICIT_RETAIN_SELF = YES;
				CLANG_WARN_OBJC_LITERAL_CONVERSION = YES;
				CLANG_WARN_OBJC_ROOT_CLASS = YES_ERROR;
				CLANG_WARN_QUOTED_INCLUDE_IN_FRAMEWORK_HEADER = YES;
				CLANG_WARN_RANGE_LOOP_ANALYSIS = YES;
				CLANG_WARN_STRICT_PROTOTYPES = YES;
				CLANG_WARN_SUSPICIOUS_MOVE = YES;
				CLANG_WARN_UNGUARDED_AVAILABILITY = YES_AGGRESSIVE;
				CLANG_WARN_UNREACHABLE_CODE = YES;
				CLANG_WARN__DUPLICATE_METHOD_MATCH = YES;
				COPY_PHASE_STRIP = NO;
				CURRENT_PROJECT_VERSION = 1;
				DEBUG_INFORMATION_FORMAT = dwarf;
				ENABLE_STRICT_OBJC_MSGSEND = YES;
				ENABLE_TESTABILITY = YES;
				ENABLE_USER_SCRIPT_SANDBOXING = YES;
				GCC_C_LANGUAGE_STANDARD = gnu17;
				GCC_DYNAMIC_NO_PIC = NO;
				GCC_NO_COMMON_BLOCKS = YES;
				GCC_OPTIMIZATION_LEVEL = 0;
				GCC_PREPROCESSOR_DEFINITIONS = (
					"DEBUG=1",
					"$(inherited)",
				);
				GCC_WARN_64_TO_32_BIT_CONVERSION = YES;
				GCC_WARN_ABOUT_RETURN_TYPE = YES_ERROR;
				GCC_WARN_UNDECLARED_SELECTOR = YES;
				GCC_WARN_UNINITIALIZED_AUTOS = YES_AGGRESSIVE;
				GCC_WARN_UNUSED_FUNCTION = YES;
				GCC_WARN_UNUSED_VARIABLE = YES;
				IPHONEOS_DEPLOYMENT_TARGET = 17.0;
				LOCALIZATION_PREFERS_STRING_CATALOGS = YES;
				MTL_ENABLE_DEBUG_INFO = INCLUDE_SOURCE;
				MTL_FAST_MATH = YES;
				ONLY_ACTIVE_ARCH = YES;
				SDKROOT = iphoneos;
				SWIFT_ACTIVE_COMPILATION_CONDITIONS = "DEBUG $(inherited)";
				SWIFT_OPTIMIZATION_LEVEL = "-Onone";
				VERSIONING_SYSTEM = "apple-generic";
				VERSION_INFO_PREFIX = "";
			};
			name = Debug;
		};
		CEF1A6372C08BDD3003F052B /* Release */ = {
			isa = XCBuildConfiguration;
			buildSettings = {
				ALWAYS_SEARCH_USER_PATHS = NO;
				ASSETCATALOG_COMPILER_GENERATE_SWIFT_ASSET_SYMBOL_EXTENSIONS = YES;
				CLANG_ANALYZER_NONNULL = YES;
				CLANG_ANALYZER_NUMBER_OBJECT_CONVERSION = YES_AGGRESSIVE;
				CLANG_CXX_LANGUAGE_STANDARD = "gnu++20";
				CLANG_ENABLE_MODULES = YES;
				CLANG_ENABLE_OBJC_ARC = YES;
				CLANG_ENABLE_OBJC_WEAK = YES;
				CLANG_WARN_BLOCK_CAPTURE_AUTORELEASING = YES;
				CLANG_WARN_BOOL_CONVERSION = YES;
				CLANG_WARN_COMMA = YES;
				CLANG_WARN_CONSTANT_CONVERSION = YES;
				CLANG_WARN_DEPRECATED_OBJC_IMPLEMENTATIONS = YES;
				CLANG_WARN_DIRECT_OBJC_ISA_USAGE = YES_ERROR;
				CLANG_WARN_DOCUMENTATION_COMMENTS = YES;
				CLANG_WARN_EMPTY_BODY = YES;
				CLANG_WARN_ENUM_CONVERSION = YES;
				CLANG_WARN_INFINITE_RECURSION = YES;
				CLANG_WARN_INT_CONVERSION = YES;
				CLANG_WARN_NON_LITERAL_NULL_CONVERSION = YES;
				CLANG_WARN_OBJC_IMPLICIT_RETAIN_SELF = YES;
				CLANG_WARN_OBJC_LITERAL_CONVERSION = YES;
				CLANG_WARN_OBJC_ROOT_CLASS = YES_ERROR;
				CLANG_WARN_QUOTED_INCLUDE_IN_FRAMEWORK_HEADER = YES;
				CLANG_WARN_RANGE_LOOP_ANALYSIS = YES;
				CLANG_WARN_STRICT_PROTOTYPES = YES;
				CLANG_WARN_SUSPICIOUS_MOVE = YES;
				CLANG_WARN_UNGUARDED_AVAILABILITY = YES_AGGRESSIVE;
				CLANG_WARN_UNREACHABLE_CODE = YES;
				CLANG_WARN__DUPLICATE_METHOD_MATCH = YES;
				COPY_PHASE_STRIP = NO;
				CURRENT_PROJECT_VERSION = 1;
				DEBUG_INFORMATION_FORMAT = "dwarf-with-dsym";
				ENABLE_NS_ASSERTIONS = NO;
				ENABLE_STRICT_OBJC_MSGSEND = YES;
				ENABLE_USER_SCRIPT_SANDBOXING = YES;
				GCC_C_LANGUAGE_STANDARD = gnu17;
				GCC_NO_COMMON_BLOCKS = YES;
				GCC_WARN_64_TO_32_BIT_CONVERSION = YES;
				GCC_WARN_ABOUT_RETURN_TYPE = YES_ERROR;
				GCC_WARN_UNDECLARED_SELECTOR = YES;
				GCC_WARN_UNINITIALIZED_AUTOS = YES_AGGRESSIVE;
				GCC_WARN_UNUSED_FUNCTION = YES;
				GCC_WARN_UNUSED_VARIABLE = YES;
				IPHONEOS_DEPLOYMENT_TARGET = 17.0;
				LOCALIZATION_PREFERS_STRING_CATALOGS = YES;
				MTL_ENABLE_DEBUG_INFO = NO;
				MTL_FAST_MATH = YES;
				SDKROOT = iphoneos;
				SWIFT_COMPILATION_MODE = wholemodule;
				VALIDATE_PRODUCT = YES;
				VERSIONING_SYSTEM = "apple-generic";
				VERSION_INFO_PREFIX = "";
			};
			name = Release;
		};
		CEF1A6392C08BDD3003F052B /* Debug */ = {
			isa = XCBuildConfiguration;
			baseConfigurationReference = FEF713AD61AEEB0D4B160A57 /* Pods-Core.debug.xcconfig */;
			buildSettings = {
				CLANG_ENABLE_MODULES = YES;
				CODE_SIGN_STYLE = Automatic;
				CURRENT_PROJECT_VERSION = 1;
				DEFINES_MODULE = YES;
				DYLIB_COMPATIBILITY_VERSION = 1;
				DYLIB_CURRENT_VERSION = 1;
				DYLIB_INSTALL_NAME_BASE = "@rpath";
				ENABLE_MODULE_VERIFIER = YES;
				GENERATE_INFOPLIST_FILE = YES;
				INFOPLIST_KEY_NSHumanReadableCopyright = "";
				INSTALL_PATH = "$(LOCAL_LIBRARY_DIR)/Frameworks";
				IPHONEOS_DEPLOYMENT_TARGET = 15.0;
				LD_RUNPATH_SEARCH_PATHS = (
					"$(inherited)",
					"@executable_path/Frameworks",
					"@loader_path/Frameworks",
				);
				MARKETING_VERSION = 1.0;
				MODULE_VERIFIER_SUPPORTED_LANGUAGES = "objective-c objective-c++";
				MODULE_VERIFIER_SUPPORTED_LANGUAGE_STANDARDS = "gnu17 gnu++20";
				PRODUCT_BUNDLE_IDENTIFIER = com.tnps.Components;
				PRODUCT_NAME = "$(TARGET_NAME:c99extidentifier)";
				SKIP_INSTALL = YES;
				SWIFT_EMIT_LOC_STRINGS = YES;
				SWIFT_OPTIMIZATION_LEVEL = "-Onone";
				SWIFT_VERSION = 5.0;
				TARGETED_DEVICE_FAMILY = "1,2";
			};
			name = Debug;
		};
		CEF1A63A2C08BDD3003F052B /* Release */ = {
			isa = XCBuildConfiguration;
			baseConfigurationReference = EB803564DC5C3969AA0DFC06 /* Pods-Core.release.xcconfig */;
			buildSettings = {
				CLANG_ENABLE_MODULES = YES;
				CODE_SIGN_STYLE = Automatic;
				CURRENT_PROJECT_VERSION = 1;
				DEFINES_MODULE = YES;
				DYLIB_COMPATIBILITY_VERSION = 1;
				DYLIB_CURRENT_VERSION = 1;
				DYLIB_INSTALL_NAME_BASE = "@rpath";
				ENABLE_MODULE_VERIFIER = YES;
				GENERATE_INFOPLIST_FILE = YES;
				INFOPLIST_KEY_NSHumanReadableCopyright = "";
				INSTALL_PATH = "$(LOCAL_LIBRARY_DIR)/Frameworks";
				IPHONEOS_DEPLOYMENT_TARGET = 15.0;
				LD_RUNPATH_SEARCH_PATHS = (
					"$(inherited)",
					"@executable_path/Frameworks",
					"@loader_path/Frameworks",
				);
				MARKETING_VERSION = 1.0;
				MODULE_VERIFIER_SUPPORTED_LANGUAGES = "objective-c objective-c++";
				MODULE_VERIFIER_SUPPORTED_LANGUAGE_STANDARDS = "gnu17 gnu++20";
				PRODUCT_BUNDLE_IDENTIFIER = com.tnps.Components;
				PRODUCT_NAME = "$(TARGET_NAME:c99extidentifier)";
				SKIP_INSTALL = YES;
				SWIFT_EMIT_LOC_STRINGS = YES;
				SWIFT_VERSION = 5.0;
				TARGETED_DEVICE_FAMILY = "1,2";
			};
			name = Release;
		};
		CEF1A63C2C08BDD3003F052B /* Debug */ = {
			isa = XCBuildConfiguration;
			baseConfigurationReference = 696D6EE614A0EF8681A92927 /* Pods-CoreTests.debug.xcconfig */;
			buildSettings = {
				ALWAYS_EMBED_SWIFT_STANDARD_LIBRARIES = YES;
				CODE_SIGN_STYLE = Automatic;
				CURRENT_PROJECT_VERSION = 1;
				GENERATE_INFOPLIST_FILE = YES;
				IPHONEOS_DEPLOYMENT_TARGET = 15.0;
				MARKETING_VERSION = 1.0;
				PRODUCT_BUNDLE_IDENTIFIER = com.tnps.ComponentsTests;
				PRODUCT_NAME = "$(TARGET_NAME)";
				SWIFT_EMIT_LOC_STRINGS = NO;
				SWIFT_VERSION = 5.0;
				TARGETED_DEVICE_FAMILY = "1,2";
			};
			name = Debug;
		};
		CEF1A63D2C08BDD3003F052B /* Release */ = {
			isa = XCBuildConfiguration;
			baseConfigurationReference = 3E495608433E9F94B0A1BCBA /* Pods-CoreTests.release.xcconfig */;
			buildSettings = {
				ALWAYS_EMBED_SWIFT_STANDARD_LIBRARIES = YES;
				CODE_SIGN_STYLE = Automatic;
				CURRENT_PROJECT_VERSION = 1;
				GENERATE_INFOPLIST_FILE = YES;
				IPHONEOS_DEPLOYMENT_TARGET = 15.0;
				MARKETING_VERSION = 1.0;
				PRODUCT_BUNDLE_IDENTIFIER = com.tnps.ComponentsTests;
				PRODUCT_NAME = "$(TARGET_NAME)";
				SWIFT_EMIT_LOC_STRINGS = NO;
				SWIFT_VERSION = 5.0;
				TARGETED_DEVICE_FAMILY = "1,2";
			};
			name = Release;
		};
/* End XCBuildConfiguration section */

/* Begin XCConfigurationList section */
		CEF1A6202C08BDD3003F052B /* Build configuration list for PBXProject "Core" */ = {
			isa = XCConfigurationList;
			buildConfigurations = (
				CEF1A6362C08BDD3003F052B /* Debug */,
				CEF1A6372C08BDD3003F052B /* Release */,
			);
			defaultConfigurationIsVisible = 0;
			defaultConfigurationName = Release;
		};
		CEF1A6382C08BDD3003F052B /* Build configuration list for PBXNativeTarget "Core" */ = {
			isa = XCConfigurationList;
			buildConfigurations = (
				CEF1A6392C08BDD3003F052B /* Debug */,
				CEF1A63A2C08BDD3003F052B /* Release */,
			);
			defaultConfigurationIsVisible = 0;
			defaultConfigurationName = Release;
		};
		CEF1A63B2C08BDD3003F052B /* Build configuration list for PBXNativeTarget "CoreTests" */ = {
			isa = XCConfigurationList;
			buildConfigurations = (
				CEF1A63C2C08BDD3003F052B /* Debug */,
				CEF1A63D2C08BDD3003F052B /* Release */,
			);
			defaultConfigurationIsVisible = 0;
			defaultConfigurationName = Release;
		};
/* End XCConfigurationList section */
	};
	rootObject = CEF1A61D2C08BDD3003F052B /* Project object */;
}
